
Microsoft Visual Studio Solution File, Format Version 12.00
# Visual Studio 15
VisualStudioVersion = 15.0.28010.2003
MinimumVisualStudioVersion = 10.0.40219.1
Project("{FAE04EC0-301F-11D3-BF4B-00C04F79EFBC}") = "3.5.11 การวาดสี่เหลี่ยมครั้งละรูป", "3.5.11 การวาดสี่เหลี่ยมครั้งละรูป\3.5.11 การวาดสี่เหลี่ยมครั้งละรูป.csproj", "{B21197C2-A409-4C6E-85BC-8DBCED8BC4B9}"
EndProject
Global
	GlobalSection(SolutionConfigurationPlatforms) = preSolution
		Debug|Any CPU = Debug|Any CPU
		Release|Any CPU = Release|Any CPU
	EndGlobalSection
	GlobalSection(ProjectConfigurationPlatforms) = postSolution
		{B21197C2-A409-4C6E-85BC-8DBCED8BC4B9}.Debug|Any CPU.ActiveCfg = Debug|Any CPU
		{B21197C2-A409-4C6E-85BC-8DBCED8BC4B9}.Debug|Any CPU.Build.0 = Debug|Any CPU
		{B21197C2-A409-4C6E-85BC-8DBCED8BC4B9}.Release|Any CPU.ActiveCfg = Release|Any CPU
		{B21197C2-A409-4C6E-85BC-8DBCED8BC4B9}.Release|Any CPU.Build.0 = Release|Any CPU
	EndGlobalSection
	GlobalSection(SolutionProperties) = preSolution
		HideSolutionNode = FALSE
	EndGlobalSection
	GlobalSection(ExtensibilityGlobals) = postSolution
		SolutionGuid = {7B787FBF-EFC8-44C8-AA80-E9FF60742856}
	EndGlobalSection
EndGlobal
