
Microsoft Visual Studio Solution File, Format Version 12.00
# Visual Studio 15
VisualStudioVersion = 15.0.28010.2003
MinimumVisualStudioVersion = 10.0.40219.1
Project("{FAE04EC0-301F-11D3-BF4B-00C04F79EFBC}") = "3.4.1การวาดเส้นโค้ง", "3.4.1การวาดเส้นโค้ง\3.4.1การวาดเส้นโค้ง.csproj", "{AF40854F-9A5E-415B-8DCE-AC3A42EA9EC6}"
EndProject
Global
	GlobalSection(SolutionConfigurationPlatforms) = preSolution
		Debug|Any CPU = Debug|Any CPU
		Release|Any CPU = Release|Any CPU
	EndGlobalSection
	GlobalSection(ProjectConfigurationPlatforms) = postSolution
		{AF40854F-9A5E-415B-8DCE-AC3A42EA9EC6}.Debug|Any CPU.ActiveCfg = Debug|Any CPU
		{AF40854F-9A5E-415B-8DCE-AC3A42EA9EC6}.Debug|Any CPU.Build.0 = Debug|Any CPU
		{AF40854F-9A5E-415B-8DCE-AC3A42EA9EC6}.Release|Any CPU.ActiveCfg = Release|Any CPU
		{AF40854F-9A5E-415B-8DCE-AC3A42EA9EC6}.Release|Any CPU.Build.0 = Release|Any CPU
	EndGlobalSection
	GlobalSection(SolutionProperties) = preSolution
		HideSolutionNode = FALSE
	EndGlobalSection
	GlobalSection(ExtensibilityGlobals) = postSolution
		SolutionGuid = {25582339-D97C-48D6-AD8A-F6EF880EA9A6}
	EndGlobalSection
EndGlobal
