
Microsoft Visual Studio Solution File, Format Version 12.00
# Visual Studio 15
VisualStudioVersion = 15.0.28010.2003
MinimumVisualStudioVersion = 10.0.40219.1
Project("{FAE04EC0-301F-11D3-BF4B-00C04F79EFBC}") = "3.3.2กำหนดจุด style", "3.3.2กำหนดจุด style\3.3.2กำหนดจุด style.csproj", "{4101C09F-54A5-499E-9FB2-9CFC34885A51}"
EndProject
Global
	GlobalSection(SolutionConfigurationPlatforms) = preSolution
		Debug|Any CPU = Debug|Any CPU
		Release|Any CPU = Release|Any CPU
	EndGlobalSection
	GlobalSection(ProjectConfigurationPlatforms) = postSolution
		{4101C09F-54A5-499E-9FB2-9CFC34885A51}.Debug|Any CPU.ActiveCfg = Debug|Any CPU
		{4101C09F-54A5-499E-9FB2-9CFC34885A51}.Debug|Any CPU.Build.0 = Debug|Any CPU
		{4101C09F-54A5-499E-9FB2-9CFC34885A51}.Release|Any CPU.ActiveCfg = Release|Any CPU
		{4101C09F-54A5-499E-9FB2-9CFC34885A51}.Release|Any CPU.Build.0 = Release|Any CPU
	EndGlobalSection
	GlobalSection(SolutionProperties) = preSolution
		HideSolutionNode = FALSE
	EndGlobalSection
	GlobalSection(ExtensibilityGlobals) = postSolution
		SolutionGuid = {39E01F90-9AAB-4D7A-8835-22D510860D83}
	EndGlobalSection
EndGlobal
