
Microsoft Visual Studio Solution File, Format Version 12.00
# Visual Studio 15
VisualStudioVersion = 15.0.28010.2003
MinimumVisualStudioVersion = 10.0.40219.1
Project("{FAE04EC0-301F-11D3-BF4B-00C04F79EFBC}") = "3.7.3 การ Zoom in", "3.7.3 การ Zoom in\3.7.3 การ Zoom in.csproj", "{12C8B534-C2CE-4A3E-8351-075183B396C6}"
EndProject
Global
	GlobalSection(SolutionConfigurationPlatforms) = preSolution
		Debug|Any CPU = Debug|Any CPU
		Release|Any CPU = Release|Any CPU
	EndGlobalSection
	GlobalSection(ProjectConfigurationPlatforms) = postSolution
		{12C8B534-C2CE-4A3E-8351-075183B396C6}.Debug|Any CPU.ActiveCfg = Debug|Any CPU
		{12C8B534-C2CE-4A3E-8351-075183B396C6}.Debug|Any CPU.Build.0 = Debug|Any CPU
		{12C8B534-C2CE-4A3E-8351-075183B396C6}.Release|Any CPU.ActiveCfg = Release|Any CPU
		{12C8B534-C2CE-4A3E-8351-075183B396C6}.Release|Any CPU.Build.0 = Release|Any CPU
	EndGlobalSection
	GlobalSection(SolutionProperties) = preSolution
		HideSolutionNode = FALSE
	EndGlobalSection
	GlobalSection(ExtensibilityGlobals) = postSolution
		SolutionGuid = {0620B600-569D-41F5-9556-28AD32A7BD4A}
	EndGlobalSection
EndGlobal
