
Microsoft Visual Studio Solution File, Format Version 12.00
# Visual Studio 15
VisualStudioVersion = 15.0.28010.2003
MinimumVisualStudioVersion = 10.0.40219.1
Project("{FAE04EC0-301F-11D3-BF4B-00C04F79EFBC}") = "3.7.4การพลิกและหมุนภาพ", "3.7.4การพลิกและหมุนภาพ\3.7.4การพลิกและหมุนภาพ.csproj", "{7F52FB18-D58D-4C4F-AF44-62D9B8414E94}"
EndProject
Global
	GlobalSection(SolutionConfigurationPlatforms) = preSolution
		Debug|Any CPU = Debug|Any CPU
		Release|Any CPU = Release|Any CPU
	EndGlobalSection
	GlobalSection(ProjectConfigurationPlatforms) = postSolution
		{7F52FB18-D58D-4C4F-AF44-62D9B8414E94}.Debug|Any CPU.ActiveCfg = Debug|Any CPU
		{7F52FB18-D58D-4C4F-AF44-62D9B8414E94}.Debug|Any CPU.Build.0 = Debug|Any CPU
		{7F52FB18-D58D-4C4F-AF44-62D9B8414E94}.Release|Any CPU.ActiveCfg = Release|Any CPU
		{7F52FB18-D58D-4C4F-AF44-62D9B8414E94}.Release|Any CPU.Build.0 = Release|Any CPU
	EndGlobalSection
	GlobalSection(SolutionProperties) = preSolution
		HideSolutionNode = FALSE
	EndGlobalSection
	GlobalSection(ExtensibilityGlobals) = postSolution
		SolutionGuid = {09E44355-6BB0-404F-8687-1EE26C8240E9}
	EndGlobalSection
EndGlobal
