
Microsoft Visual Studio Solution File, Format Version 12.00
# Visual Studio 15
VisualStudioVersion = 15.0.28010.2003
MinimumVisualStudioVersion = 10.0.40219.1
Project("{FAE04EC0-301F-11D3-BF4B-00C04F79EFBC}") = "GDIPLUS_1", "GDIPLUS_1\GDIPLUS_1.csproj", "{750E0FD6-9A45-411A-B726-A2FDD11B5113}"
EndProject
Global
	GlobalSection(SolutionConfigurationPlatforms) = preSolution
		Debug|Any CPU = Debug|Any CPU
		Release|Any CPU = Release|Any CPU
	EndGlobalSection
	GlobalSection(ProjectConfigurationPlatforms) = postSolution
		{750E0FD6-9A45-411A-B726-A2FDD11B5113}.Debug|Any CPU.ActiveCfg = Debug|Any CPU
		{750E0FD6-9A45-411A-B726-A2FDD11B5113}.Debug|Any CPU.Build.0 = Debug|Any CPU
		{750E0FD6-9A45-411A-B726-A2FDD11B5113}.Release|Any CPU.ActiveCfg = Release|Any CPU
		{750E0FD6-9A45-411A-B726-A2FDD11B5113}.Release|Any CPU.Build.0 = Release|Any CPU
	EndGlobalSection
	GlobalSection(SolutionProperties) = preSolution
		HideSolutionNode = FALSE
	EndGlobalSection
	GlobalSection(ExtensibilityGlobals) = postSolution
		SolutionGuid = {5A562EEE-1983-45E7-8B3E-A18AC70A4BAB}
	EndGlobalSection
EndGlobal
