
Microsoft Visual Studio Solution File, Format Version 12.00
# Visual Studio 15
VisualStudioVersion = 15.0.28010.2003
MinimumVisualStudioVersion = 10.0.40219.1
Project("{FAE04EC0-301F-11D3-BF4B-00C04F79EFBC}") = "3.6.5การระบายสีด้วย Path Gradient Brush", "3.6.5การระบายสีด้วย Path Gradient Brush\3.6.5การระบายสีด้วย Path Gradient Brush.csproj", "{F71427B6-9E4C-44DD-BD1C-4C8E0C55D465}"
EndProject
Global
	GlobalSection(SolutionConfigurationPlatforms) = preSolution
		Debug|Any CPU = Debug|Any CPU
		Release|Any CPU = Release|Any CPU
	EndGlobalSection
	GlobalSection(ProjectConfigurationPlatforms) = postSolution
		{F71427B6-9E4C-44DD-BD1C-4C8E0C55D465}.Debug|Any CPU.ActiveCfg = Debug|Any CPU
		{F71427B6-9E4C-44DD-BD1C-4C8E0C55D465}.Debug|Any CPU.Build.0 = Debug|Any CPU
		{F71427B6-9E4C-44DD-BD1C-4C8E0C55D465}.Release|Any CPU.ActiveCfg = Release|Any CPU
		{F71427B6-9E4C-44DD-BD1C-4C8E0C55D465}.Release|Any CPU.Build.0 = Release|Any CPU
	EndGlobalSection
	GlobalSection(SolutionProperties) = preSolution
		HideSolutionNode = FALSE
	EndGlobalSection
	GlobalSection(ExtensibilityGlobals) = postSolution
		SolutionGuid = {4F223E7C-E8D1-43EC-B160-E769FE1A499F}
	EndGlobalSection
EndGlobal
